
Microsoft Visual Studio Solution File, Format Version 12.00
# Visual Studio 14
VisualStudioVersion = 14.0.25420.1
MinimumVisualStudioVersion = 10.0.40219.1
Project("{8BC9CEB8-8B4A-11D0-8D11-00A0C91BC942}") = "Server", "Server\Server\Server.vcxproj", "{4FDAA478-4AC5-4463-A7A0-CED9D77C1A24}"
EndProject
Project("{8BC9CEB8-8B4A-11D0-8D11-00A0C91BC942}") = "Client", "Client\Client\Client.vcxproj", "{F5740A2E-3E6B-40E0-9CE7-6EBEC4926A5A}"
	ProjectSection(ProjectDependencies) = postProject
		{4FDAA478-4AC5-4463-A7A0-CED9D77C1A24} = {4FDAA478-4AC5-4463-A7A0-CED9D77C1A24}
	EndProjectSection
EndProject
Global
	GlobalSection(SolutionConfigurationPlatforms) = preSolution
		Debug|x64 = Debug|x64
		Debug|x86 = Debug|x86
		Release|x64 = Release|x64
		Release|x86 = Release|x86
	EndGlobalSection
	GlobalSection(ProjectConfigurationPlatforms) = postSolution
		{4FDAA478-4AC5-4463-A7A0-CED9D77C1A24}.Debug|x64.ActiveCfg = Debug|x64
		{4FDAA478-4AC5-4463-A7A0-CED9D77C1A24}.Debug|x64.Build.0 = Debug|x64
		{4FDAA478-4AC5-4463-A7A0-CED9D77C1A24}.Debug|x86.ActiveCfg = Debug|Win32
		{4FDAA478-4AC5-4463-A7A0-CED9D77C1A24}.Debug|x86.Build.0 = Debug|Win32
		{4FDAA478-4AC5-4463-A7A0-CED9D77C1A24}.Release|x64.ActiveCfg = Release|x64
		{4FDAA478-4AC5-4463-A7A0-CED9D77C1A24}.Release|x64.Build.0 = Release|x64
		{4FDAA478-4AC5-4463-A7A0-CED9D77C1A24}.Release|x86.ActiveCfg = Release|Win32
		{4FDAA478-4AC5-4463-A7A0-CED9D77C1A24}.Release|x86.Build.0 = Release|Win32
		{F5740A2E-3E6B-40E0-9CE7-6EBEC4926A5A}.Debug|x64.ActiveCfg = Debug|x64
		{F5740A2E-3E6B-40E0-9CE7-6EBEC4926A5A}.Debug|x64.Build.0 = Debug|x64
		{F5740A2E-3E6B-40E0-9CE7-6EBEC4926A5A}.Debug|x86.ActiveCfg = Debug|Win32
		{F5740A2E-3E6B-40E0-9CE7-6EBEC4926A5A}.Debug|x86.Build.0 = Debug|Win32
		{F5740A2E-3E6B-40E0-9CE7-6EBEC4926A5A}.Release|x64.ActiveCfg = Release|x64
		{F5740A2E-3E6B-40E0-9CE7-6EBEC4926A5A}.Release|x64.Build.0 = Release|x64
		{F5740A2E-3E6B-40E0-9CE7-6EBEC4926A5A}.Release|x86.ActiveCfg = Release|Win32
		{F5740A2E-3E6B-40E0-9CE7-6EBEC4926A5A}.Release|x86.Build.0 = Release|Win32
	EndGlobalSection
	GlobalSection(SolutionProperties) = preSolution
		HideSolutionNode = FALSE
	EndGlobalSection
EndGlobal
